lockfileVersion: 5.4

specifiers:
  dayjs: ^1.11.6
  moment: ^2.29.4
  prettier: ^2.7.1
  typescript: ^4.8.4

dependencies:
  dayjs: 1.11.6
  moment: 2.29.4
  prettier: 2.7.1

devDependencies:
  typescript: 4.8.4

packages:

  /dayjs/1.11.6:
    resolution: {integrity: sha512-zZbY5giJAinCG+7AGaw0wIhNZ6J8AhWuSXKvuc1KAyMiRsvGQWqh4L+MomvhdAYjN+lqvVCMq1I41e3YHvXkyQ==}
    dev: false

  /moment/2.29.4:
    resolution: {integrity: sha512-5LC9SOxjSc2HF6vO2CyuTDNivEdoz2IvyJJGj6X8DJ0eFyfszE0QiEd+iXmBvUP3WHxSjFH/vIsA0EN00cgr8w==}
    dev: false

  /prettier/2.7.1:
    resolution: {integrity: sha512-ujppO+MkdPqoVINuDFDRLClm7D78qbDt0/NR+wp5FqEZOoTNAjPHWj17QRhu7geIHJfcNhRk1XVQmF8Bp3ye+g==}
    engines: {node: '>=10.13.0'}
    hasBin: true
    dev: false

  /typescript/4.8.4:
    resolution: {integrity: sha512-QCh+85mCy+h0IGff8r5XWzOVSbBO+KfeYrMQh7NJ58QujwcE22u+NUSmUxqF+un70P9GXKxa2HCNiTTMJknyjQ==}
    engines: {node: '>=4.2.0'}
    hasBin: true
    dev: true
